
Microsoft Visual Studio Solution File, Format Version 12.00
# Visual Studio Version 16
VisualStudioVersion = 16.0.30204.135
MinimumVisualStudioVersion = 10.0.40219.1
Project("{FAE04EC0-301F-11D3-BF4B-00C04F79EFBC}") = "Proyecto1.0", "Proyecto1.0.csproj", "{4445E2BF-969E-48B9-88A5-455CA7291136}"
EndProject
Global
	GlobalSection(SolutionConfigurationPlatforms) = preSolution
		Debug|Any CPU = Debug|Any CPU
		Release|Any CPU = Release|Any CPU
	EndGlobalSection
	GlobalSection(ProjectConfigurationPlatforms) = postSolution
		{4445E2BF-969E-48B9-88A5-455CA7291136}.Debug|Any CPU.ActiveCfg = Debug|Any CPU
		{4445E2BF-969E-48B9-88A5-455CA7291136}.Debug|Any CPU.Build.0 = Debug|Any CPU
		{4445E2BF-969E-48B9-88A5-455CA7291136}.Release|Any CPU.ActiveCfg = Release|Any CPU
		{4445E2BF-969E-48B9-88A5-455CA7291136}.Release|Any CPU.Build.0 = Release|Any CPU
	EndGlobalSection
	GlobalSection(SolutionProperties) = preSolution
		HideSolutionNode = FALSE
	EndGlobalSection
	GlobalSection(ExtensibilityGlobals) = postSolution
		SolutionGuid = {AA3C7DE9-322B-4CF7-8023-BAD8443A9180}
	EndGlobalSection
EndGlobal
