
Microsoft Visual Studio Solution File, Format Version 12.00
# Visual Studio Version 16
VisualStudioVersion = 16.0.30204.135
MinimumVisualStudioVersion = 10.0.40219.1
Project("{FAE04EC0-301F-11D3-BF4B-00C04F79EFBC}") = "proyecto1", "proyecto1.csproj", "{54A3B103-3A47-4E80-9F11-4840069CA54A}"
EndProject
Global
	GlobalSection(SolutionConfigurationPlatforms) = preSolution
		Debug|Any CPU = Debug|Any CPU
		Release|Any CPU = Release|Any CPU
	EndGlobalSection
	GlobalSection(ProjectConfigurationPlatforms) = postSolution
		{54A3B103-3A47-4E80-9F11-4840069CA54A}.Debug|Any CPU.ActiveCfg = Debug|Any CPU
		{54A3B103-3A47-4E80-9F11-4840069CA54A}.Debug|Any CPU.Build.0 = Debug|Any CPU
		{54A3B103-3A47-4E80-9F11-4840069CA54A}.Release|Any CPU.ActiveCfg = Release|Any CPU
		{54A3B103-3A47-4E80-9F11-4840069CA54A}.Release|Any CPU.Build.0 = Release|Any CPU
	EndGlobalSection
	GlobalSection(SolutionProperties) = preSolution
		HideSolutionNode = FALSE
	EndGlobalSection
	GlobalSection(ExtensibilityGlobals) = postSolution
		SolutionGuid = {0E74EACC-35CB-49B6-83CE-7887640C95EC}
	EndGlobalSection
EndGlobal
